
Microsoft Visual Studio Solution File, Format Version 12.00
# Visual Studio Version 17
VisualStudioVersion = 17.0.31903.59
MinimumVisualStudioVersion = 10.0.40219.1
Project("{FAE04EC0-301F-11D3-BF4B-00C04F79EFBC}") = "Backend.Api", "Backend.Api\Backend.Api.csproj", "{F684CA6B-BA8B-47BD-A73A-3D273AD9B6AA}"
EndProject
Project("{FAE04EC0-301F-11D3-BF4B-00C04F79EFBC}") = "Backend.Tests", "Backend.Tests\Backend.Tests.csproj", "{1EB31DC1-75CF-4771-B6FE-E9450FC2A97F}"
EndProject
Global
	GlobalSection(SolutionConfigurationPlatforms) = preSolution
		Debug|Any CPU = Debug|Any CPU
		Release|Any CPU = Release|Any CPU
	EndGlobalSection
	GlobalSection(SolutionProperties) = preSolution
		HideSolutionNode = FALSE
	EndGlobalSection
	GlobalSection(ProjectConfigurationPlatforms) = postSolution
		{F684CA6B-BA8B-47BD-A73A-3D273AD9B6AA}.Debug|Any CPU.ActiveCfg = Debug|Any CPU
		{F684CA6B-BA8B-47BD-A73A-3D273AD9B6AA}.Debug|Any CPU.Build.0 = Debug|Any CPU
		{F684CA6B-BA8B-47BD-A73A-3D273AD9B6AA}.Release|Any CPU.ActiveCfg = Release|Any CPU
		{F684CA6B-BA8B-47BD-A73A-3D273AD9B6AA}.Release|Any CPU.Build.0 = Release|Any CPU
		{1EB31DC1-75CF-4771-B6FE-E9450FC2A97F}.Debug|Any CPU.ActiveCfg = Debug|Any CPU
		{1EB31DC1-75CF-4771-B6FE-E9450FC2A97F}.Debug|Any CPU.Build.0 = Debug|Any CPU
		{1EB31DC1-75CF-4771-B6FE-E9450FC2A97F}.Release|Any CPU.ActiveCfg = Release|Any CPU
		{1EB31DC1-75CF-4771-B6FE-E9450FC2A97F}.Release|Any CPU.Build.0 = Release|Any CPU
	EndGlobalSection
EndGlobal
